
Microsoft Visual Studio Solution File, Format Version 12.00
# Visual Studio Version 17
VisualStudioVersion = 17.0.31717.71
MinimumVisualStudioVersion = 10.0.40219.1
Project("{9A19103F-16F7-4668-BE54-9A1E7A4F7556}") = "myspace", "myspace\myspace.csproj", "{F0A19720-8CB9-4D9A-85E9-D8826720DF15}"
EndProject
Project("{9A19103F-16F7-4668-BE54-9A1E7A4F7556}") = "BlazorGameSnakeComponent", "BlazorGameSnakeComponent\BlazorGameSnakeComponent.csproj", "{5ED22B1F-657E-402F-AF87-B4E2B711B0CF}"
EndProject
Global
	GlobalSection(SolutionConfigurationPlatforms) = preSolution
		Debug|Any CPU = Debug|Any CPU
		Release|Any CPU = Release|Any CPU
	EndGlobalSection
	GlobalSection(ProjectConfigurationPlatforms) = postSolution
		{F0A19720-8CB9-4D9A-85E9-D8826720DF15}.Debug|Any CPU.ActiveCfg = Debug|Any CPU
		{F0A19720-8CB9-4D9A-85E9-D8826720DF15}.Debug|Any CPU.Build.0 = Debug|Any CPU
		{F0A19720-8CB9-4D9A-85E9-D8826720DF15}.Release|Any CPU.ActiveCfg = Release|Any CPU
		{F0A19720-8CB9-4D9A-85E9-D8826720DF15}.Release|Any CPU.Build.0 = Release|Any CPU
		{5ED22B1F-657E-402F-AF87-B4E2B711B0CF}.Debug|Any CPU.ActiveCfg = Debug|Any CPU
		{5ED22B1F-657E-402F-AF87-B4E2B711B0CF}.Debug|Any CPU.Build.0 = Debug|Any CPU
		{5ED22B1F-657E-402F-AF87-B4E2B711B0CF}.Release|Any CPU.ActiveCfg = Release|Any CPU
		{5ED22B1F-657E-402F-AF87-B4E2B711B0CF}.Release|Any CPU.Build.0 = Release|Any CPU
	EndGlobalSection
	GlobalSection(SolutionProperties) = preSolution
		HideSolutionNode = FALSE
	EndGlobalSection
	GlobalSection(ExtensibilityGlobals) = postSolution
		SolutionGuid = {559E2FEB-8CE8-4D3B-A75D-F09DBFDCC743}
	EndGlobalSection
EndGlobal
